// !$*UTF8*$!
{
	archiveVersion = 1;
	classes = {
	};
	objectVersion = 50;
	objects = {

/* Begin PBXBuildFile section */
		EE295E2A2538B2EA000D60B7 /* zfanfare.mp3 in Resources */ = {isa = PBXBuildFile; fileRef = EE295E262538B2EA000D60B7 /* zfanfare.mp3 */; };
		EE295E2B2538B2EA000D60B7 /* failwah.mp3 in Resources */ = {isa = PBXBuildFile; fileRef = EE295E272538B2EA000D60B7 /* failwah.mp3 */; };
		EE295E2C2538B2EA000D60B7 /* torpedo.mp3 in Resources */ = {isa = PBXBuildFile; fileRef = EE295E282538B2EA000D60B7 /* torpedo.mp3 */; };
		EE295E2D2538B2EA000D60B7 /* rolldice.mp3 in Resources */ = {isa = PBXBuildFile; fileRef = EE295E292538B2EA000D60B7 /* rolldice.mp3 */; };
		EEA039C12535E8F9009009BF /* AppDelegate.swift in Sources */ = {isa = PBXBuildFile; fileRef = EEA039C02535E8F9009009BF /* AppDelegate.swift */; };
		EEA039C32535E8F9009009BF /* SceneDelegate.swift in Sources */ = {isa = PBXBuildFile; fileRef = EEA039C22535E8F9009009BF /* SceneDelegate.swift */; };
		EEA039C52535E8F9009009BF /* ViewController.swift in Sources */ = {isa = PBXBuildFile; fileRef = EEA039C42535E8F9009009BF /* ViewController.swift */; };
		EEA039C82535E8F9009009BF /* Main.storyboard in Resources */ = {isa = PBXBuildFile; fileRef = EEA039C62535E8F9009009BF /* Main.storyboard */; };
		EEA039CA2535E8FA009009BF /* Assets.xcassets in Resources */ = {isa = PBXBuildFile; fileRef = EEA039C92535E8FA009009BF /* Assets.xcassets */; };
		EEA039CD2535E8FA009009BF /* LaunchScreen.storyboard in Resources */ = {isa = PBXBuildFile; fileRef = EEA039CB2535E8FA009009BF /* LaunchScreen.storyboard */; };
/* End PBXBuildFile section */

/* Begin PBXFileReference section */
		EE295E262538B2EA000D60B7 /* zfanfare.mp3 */ = {isa = PBXFileReference; lastKnownFileType = audio.mp3; path = zfanfare.mp3; sourceTree = "<group>"; };
		EE295E272538B2EA000D60B7 /* failwah.mp3 */ = {isa = PBXFileReference; lastKnownFileType = audio.mp3; path = failwah.mp3; sourceTree = "<group>"; };
		EE295E282538B2EA000D60B7 /* torpedo.mp3 */ = {isa = PBXFileReference; lastKnownFileType = audio.mp3; path = torpedo.mp3; sourceTree = "<group>"; };
		EE295E292538B2EA000D60B7 /* rolldice.mp3 */ = {isa = PBXFileReference; lastKnownFileType = audio.mp3; path = rolldice.mp3; sourceTree = "<group>"; };
		EEA039BD2535E8F9009009BF /* DiceAppSwift.app */ = {isa = PBXFileReference; explicitFileType = wrapper.application; includeInIndex = 0; path = DiceAppSwift.app; sourceTree = BUILT_PRODUCTS_DIR; };
		EEA039C02535E8F9009009BF /* AppDelegate.swift */ = {isa = PBXFileReference; lastKnownFileType = sourcecode.swift; path = AppDelegate.swift; sourceTree = "<group>"; };
		EEA039C22535E8F9009009BF /* SceneDelegate.swift */ = {isa = PBXFileReference; lastKnownFileType = sourcecode.swift; path = SceneDelegate.swift; sourceTree = "<group>"; };
		EEA039C42535E8F9009009BF /* ViewController.swift */ = {isa = PBXFileReference; lastKnownFileType = sourcecode.swift; path = ViewController.swift; sourceTree = "<group>"; };
		EEA039C72535E8F9009009BF /* Base */ = {isa = PBXFileReference; lastKnownFileType = file.storyboard; name = Base; path = Base.lproj/Main.storyboard; sourceTree = "<group>"; };
		EEA039C92535E8FA009009BF /* Assets.xcassets */ = {isa = PBXFileReference; lastKnownFileType = folder.assetcatalog; path = Assets.xcassets; sourceTree = "<group>"; };
		EEA039CC2535E8FA009009BF /* Base */ = {isa = PBXFileReference; lastKnownFileType = file.storyboard; name = Base; path = Base.lproj/LaunchScreen.storyboard; sourceTree = "<group>"; };
		EEA039CE2535E8FA009009BF /* Info.plist */ = {isa = PBXFileReference; lastKnownFileType = text.plist.xml; path = Info.plist; sourceTree = "<group>"; };
/* End PBXFileReference section */

/* Begin PBXFrameworksBuildPhase section */
		EEA039BA2535E8F9009009BF /* Frameworks */ = {
			isa = PBXFrameworksBuildPhase;
			buildActionMask = 2147483647;
			files = (
			);
			runOnlyForDeploymentPostprocessing = 0;
		};
/* End PBXFrameworksBuildPhase section */

/* Begin PBXGroup section */
		EE295E252538B2D6000D60B7 /* Sounds */ = {
			isa = PBXGroup;
			children = (
				EE295E272538B2EA000D60B7 /* failwah.mp3 */,
				EE295E292538B2EA000D60B7 /* rolldice.mp3 */,
				EE295E282538B2EA000D60B7 /* torpedo.mp3 */,
				EE295E262538B2EA000D60B7 /* zfanfare.mp3 */,
			);
			path = Sounds;
			sourceTree = "<group>";
		};
		EEA039B42535E8F9009009BF = {
			isa = PBXGroup;
			children = (
				EEA039BF2535E8F9009009BF /* DiceAppSwift */,
				EEA039BE2535E8F9009009BF /* Products */,
			);
			sourceTree = "<group>";
		};
		EEA039BE2535E8F9009009BF /* Products */ = {
			isa = PBXGroup;
			children = (
				EEA039BD2535E8F9009009BF /* DiceAppSwift.app */,
			);
			name = Products;
			sourceTree = "<group>";
		};
		EEA039BF2535E8F9009009BF /* DiceAppSwift */ = {
			isa = PBXGroup;
			children = (
				EE295E252538B2D6000D60B7 /* Sounds */,
				EEA039C02535E8F9009009BF /* AppDelegate.swift */,
				EEA039C22535E8F9009009BF /* SceneDelegate.swift */,
				EEA039C42535E8F9009009BF /* ViewController.swift */,
				EEA039C62535E8F9009009BF /* Main.storyboard */,
				EEA039C92535E8FA009009BF /* Assets.xcassets */,
				EEA039CB2535E8FA009009BF /* LaunchScreen.storyboard */,
				EEA039CE2535E8FA009009BF /* Info.plist */,
			);
			path = DiceAppSwift;
			sourceTree = "<group>";
		};
/* End PBXGroup section */

/* Begin PBXNativeTarget section */
		EEA039BC2535E8F9009009BF /* DiceAppSwift */ = {
			isa = PBXNativeTarget;
			buildConfigurationList = EEA039D12535E8FA009009BF /* Build configuration list for PBXNativeTarget "DiceAppSwift" */;
			buildPhases = (
				EEA039B92535E8F9009009BF /* Sources */,
				EEA039BA2535E8F9009009BF /* Frameworks */,
				EEA039BB2535E8F9009009BF /* Resources */,
			);
			buildRules = (
			);
			dependencies = (
			);
			name = DiceAppSwift;
			productName = DiceAppSwift;
			productReference = EEA039BD2535E8F9009009BF /* DiceAppSwift.app */;
			productType = "com.apple.product-type.application";
		};
/* End PBXNativeTarget section */

/* Begin PBXProject section */
		EEA039B52535E8F9009009BF /* Project object */ = {
			isa = PBXProject;
			attributes = {
				LastSwiftUpdateCheck = 1200;
				LastUpgradeCheck = 1200;
				TargetAttributes = {
					EEA039BC2535E8F9009009BF = {
						CreatedOnToolsVersion = 12.0.1;
					};
				};
			};
			buildConfigurationList = EEA039B82535E8F9009009BF /* Build configuration list for PBXProject "DiceAppSwift" */;
			compatibilityVersion = "Xcode 9.3";
			developmentRegion = en;
			hasScannedForEncodings = 0;
			knownRegions = (
				en,
				Base,
			);
			mainGroup = EEA039B42535E8F9009009BF;
			productRefGroup = EEA039BE2535E8F9009009BF /* Products */;
			projectDirPath = "";
			projectRoot = "";
			targets = (
				EEA039BC2535E8F9009009BF /* DiceAppSwift */,
			);
		};
/* End PBXProject section */

/* Begin PBXResourcesBuildPhase section */
		EEA039BB2535E8F9009009BF /* Resources */ = {
			isa = PBXResourcesBuildPhase;
			buildActionMask = 2147483647;
			files = (
				EEA039CD2535E8FA009009BF /* LaunchScreen.storyboard in Resources */,
				EE295E2B2538B2EA000D60B7 /* failwah.mp3 in Resources */,
				EEA039CA2535E8FA009009BF /* Assets.xcassets in Resources */,
				EEA039C82535E8F9009009BF /* Main.storyboard in Resources */,
				EE295E2C2538B2EA000D60B7 /* torpedo.mp3 in Resources */,
				EE295E2A2538B2EA000D60B7 /* zfanfare.mp3 in Resources */,
				EE295E2D2538B2EA000D60B7 /* rolldice.mp3 in Resources */,
			);
			runOnlyForDeploymentPostprocessing = 0;
		};
/* End PBXResourcesBuildPhase section */

/* Begin PBXSourcesBuildPhase section */
		EEA039B92535E8F9009009BF /* Sources */ = {
			isa = PBXSourcesBuildPhase;
			buildActionMask = 2147483647;
			files = (
				EEA039C52535E8F9009009BF /* ViewController.swift in Sources */,
				EEA039C12535E8F9009009BF /* AppDelegate.swift in Sources */,
				EEA039C32535E8F9009009BF /* SceneDelegate.swift in Sources */,
			);
			runOnlyForDeploymentPostprocessing = 0;
		};
/* End PBXSourcesBuildPhase section */

/* Begin PBXVariantGroup section */
		EEA039C62535E8F9009009BF /* Main.storyboard */ = {
			isa = PBXVariantGroup;
			children = (
				EEA039C72535E8F9009009BF /* Base */,
			);
			name = Main.storyboard;
			sourceTree = "<group>";
		};
		EEA039CB2535E8FA009009BF /* LaunchScreen.storyboard */ = {
			isa = PBXVariantGroup;
			children = (
				EEA039CC2535E8FA009009BF /* Base */,
			);
			name = LaunchScreen.storyboard;
			sourceTree = "<group>";
		};
/* End PBXVariantGroup section */

/* Begin XCBuildConfiguration section */
		EEA039CF2535E8FA009009BF /* Debug */ = {
			isa = XCBuildConfiguration;
			buildSettings = {
				ALWAYS_SEARCH_USER_PATHS = NO;
				CLANG_ANALYZER_NONNULL = YES;
				CLANG_ANALYZER_NUMBER_OBJECT_CONVERSION = YES_AGGRESSIVE;
				CLANG_CXX_LANGUAGE_STANDARD = "gnu++14";
				CLANG_CXX_LIBRARY = "libc++";
				CLANG_ENABLE_MODULES = YES;
				CLANG_ENABLE_OBJC_ARC = YES;
				CLANG_ENABLE_OBJC_WEAK = YES;
				CLANG_WARN_BLOCK_CAPTURE_AUTORELEASING = YES;
				CLANG_WARN_BOOL_CONVERSION = YES;
				CLANG_WARN_COMMA = YES;
				CLANG_WARN_CONSTANT_CONVERSION = YES;
				CLANG_WARN_DEPRECATED_OBJC_IMPLEMENTATIONS = YES;
				CLANG_WARN_DIRECT_OBJC_ISA_USAGE = YES_ERROR;
				CLANG_WARN_DOCUMENTATION_COMMENTS = YES;
				CLANG_WARN_EMPTY_BODY = YES;
				CLANG_WARN_ENUM_CONVERSION = YES;
				CLANG_WARN_INFINITE_RECURSION = YES;
				CLANG_WARN_INT_CONVERSION = YES;
				CLANG_WARN_NON_LITERAL_NULL_CONVERSION = YES;
				CLANG_WARN_OBJC_IMPLICIT_RETAIN_SELF = YES;
				CLANG_WARN_OBJC_LITERAL_CONVERSION = YES;
				CLANG_WARN_OBJC_ROOT_CLASS = YES_ERROR;
				CLANG_WARN_QUOTED_INCLUDE_IN_FRAMEWORK_HEADER = YES;
				CLANG_WARN_RANGE_LOOP_ANALYSIS = YES;
				CLANG_WARN_STRICT_PROTOTYPES = YES;
				CLANG_WARN_SUSPICIOUS_MOVE = YES;
				CLANG_WARN_UNGUARDED_AVAILABILITY = YES_AGGRESSIVE;
				CLANG_WARN_UNREACHABLE_CODE = YES;
				CLANG_WARN__DUPLICATE_METHOD_MATCH = YES;
				COPY_PHASE_STRIP = NO;
				DEBUG_INFORMATION_FORMAT = dwarf;
				ENABLE_STRICT_OBJC_MSGSEND = YES;
				ENABLE_TESTABILITY = YES;
				GCC_C_LANGUAGE_STANDARD = gnu11;
				GCC_DYNAMIC_NO_PIC = NO;
				GCC_NO_COMMON_BLOCKS = YES;
				GCC_OPTIMIZATION_LEVEL = 0;
				GCC_PREPROCESSOR_DEFINITIONS = (
					"DEBUG=1",
					"$(inherited)",
				);
				GCC_WARN_64_TO_32_BIT_CONVERSION = YES;
				GCC_WARN_ABOUT_RETURN_TYPE = YES_ERROR;
				GCC_WARN_UNDECLARED_SELECTOR = YES;
				GCC_WARN_UNINITIALIZED_AUTOS = YES_AGGRESSIVE;
				GCC_WARN_UNUSED_FUNCTION = YES;
				GCC_WARN_UNUSED_VARIABLE = YES;
				IPHONEOS_DEPLOYMENT_TARGET = 14.0;
				MTL_ENABLE_DEBUG_INFO = INCLUDE_SOURCE;
				MTL_FAST_MATH = YES;
				ONLY_ACTIVE_ARCH = YES;
				SDKROOT = iphoneos;
				SWIFT_ACTIVE_COMPILATION_CONDITIONS = DEBUG;
				SWIFT_OPTIMIZATION_LEVEL = "-Onone";
			};
			name = Debug;
		};
		EEA039D02535E8FA009009BF /* Release */ = {
			isa = XCBuildConfiguration;
			buildSettings = {
				ALWAYS_SEARCH_USER_PATHS = NO;
				CLANG_ANALYZER_NONNULL = YES;
				CLANG_ANALYZER_NUMBER_OBJECT_CONVERSION = YES_AGGRESSIVE;
				CLANG_CXX_LANGUAGE_STANDARD = "gnu++14";
				CLANG_CXX_LIBRARY = "libc++";
				CLANG_ENABLE_MODULES = YES;
				CLANG_ENABLE_OBJC_ARC = YES;
				CLANG_ENABLE_OBJC_WEAK = YES;
				CLANG_WARN_BLOCK_CAPTURE_AUTORELEASING = YES;
				CLANG_WARN_BOOL_CONVERSION = YES;
				CLANG_WARN_COMMA = YES;
				CLANG_WARN_CONSTANT_CONVERSION = YES;
				CLANG_WARN_DEPRECATED_OBJC_IMPLEMENTATIONS = YES;
				CLANG_WARN_DIRECT_OBJC_ISA_USAGE = YES_ERROR;
				CLANG_WARN_DOCUMENTATION_COMMENTS = YES;
				CLANG_WARN_EMPTY_BODY = YES;
				CLANG_WARN_ENUM_CONVERSION = YES;
				CLANG_WARN_INFINITE_RECURSION = YES;
				CLANG_WARN_INT_CONVERSION = YES;
				CLANG_WARN_NON_LITERAL_NULL_CONVERSION = YES;
				CLANG_WARN_OBJC_IMPLICIT_RETAIN_SELF = YES;
				CLANG_WARN_OBJC_LITERAL_CONVERSION = YES;
				CLANG_WARN_OBJC_ROOT_CLASS = YES_ERROR;
				CLANG_WARN_QUOTED_INCLUDE_IN_FRAMEWORK_HEADER = YES;
				CLANG_WARN_RANGE_LOOP_ANALYSIS = YES;
				CLANG_WARN_STRICT_PROTOTYPES = YES;
				CLANG_WARN_SUSPICIOUS_MOVE = YES;
				CLANG_WARN_UNGUARDED_AVAILABILITY = YES_AGGRESSIVE;
				CLANG_WARN_UNREACHABLE_CODE = YES;
				CLANG_WARN__DUPLICATE_METHOD_MATCH = YES;
				COPY_PHASE_STRIP = NO;
				DEBUG_INFORMATION_FORMAT = "dwarf-with-dsym";
				ENABLE_NS_ASSERTIONS = NO;
				ENABLE_STRICT_OBJC_MSGSEND = YES;
				GCC_C_LANGUAGE_STANDARD = gnu11;
				GCC_NO_COMMON_BLOCKS = YES;
				GCC_WARN_64_TO_32_BIT_CONVERSION = YES;
				GCC_WARN_ABOUT_RETURN_TYPE = YES_ERROR;
				GCC_WARN_UNDECLARED_SELECTOR = YES;
				GCC_WARN_UNINITIALIZED_AUTOS = YES_AGGRESSIVE;
				GCC_WARN_UNUSED_FUNCTION = YES;
				GCC_WARN_UNUSED_VARIABLE = YES;
				IPHONEOS_DEPLOYMENT_TARGET = 14.0;
				MTL_ENABLE_DEBUG_INFO = NO;
				MTL_FAST_MATH = YES;
				SDKROOT = iphoneos;
				SWIFT_COMPILATION_MODE = wholemodule;
				SWIFT_OPTIMIZATION_LEVEL = "-O";
				VALIDATE_PRODUCT = YES;
			};
			name = Release;
		};
		EEA039D22535E8FA009009BF /* Debug */ = {
			isa = XCBuildConfiguration;
			buildSettings = {
				ASSETCATALOG_COMPILER_APPICON_NAME = AppIcon;
				ASSETCATALOG_COMPILER_GLOBAL_ACCENT_COLOR_NAME = AccentColor;
				CODE_SIGN_STYLE = Automatic;
				INFOPLIST_FILE = DiceAppSwift/Info.plist;
				LD_RUNPATH_SEARCH_PATHS = (
					"$(inherited)",
					"@executable_path/Frameworks",
				);
				PRODUCT_BUNDLE_IDENTIFIER = "Miranda-Ramirez.DiceAppSwift";
				PRODUCT_NAME = "$(TARGET_NAME)";
				SWIFT_VERSION = 5.0;
				TARGETED_DEVICE_FAMILY = "1,2";
			};
			name = Debug;
		};
		EEA039D32535E8FA009009BF /* Release */ = {
			isa = XCBuildConfiguration;
			buildSettings = {
				ASSETCATALOG_COMPILER_APPICON_NAME = AppIcon;
				ASSETCATALOG_COMPILER_GLOBAL_ACCENT_COLOR_NAME = AccentColor;
				CODE_SIGN_STYLE = Automatic;
				INFOPLIST_FILE = DiceAppSwift/Info.plist;
				LD_RUNPATH_SEARCH_PATHS = (
					"$(inherited)",
					"@executable_path/Frameworks",
				);
				PRODUCT_BUNDLE_IDENTIFIER = "Miranda-Ramirez.DiceAppSwift";
				PRODUCT_NAME = "$(TARGET_NAME)";
				SWIFT_VERSION = 5.0;
				TARGETED_DEVICE_FAMILY = "1,2";
			};
			name = Release;
		};
/* End XCBuildConfiguration section */

/* Begin XCConfigurationList section */
		EEA039B82535E8F9009009BF /* Build configuration list for PBXProject "DiceAppSwift" */ = {
			isa = XCConfigurationList;
			buildConfigurations = (
				EEA039CF2535E8FA009009BF /* Debug */,
				EEA039D02535E8FA009009BF /* Release */,
			);
			defaultConfigurationIsVisible = 0;
			defaultConfigurationName = Release;
		};
		EEA039D12535E8FA009009BF /* Build configuration list for PBXNativeTarget "DiceAppSwift" */ = {
			isa = XCConfigurationList;
			buildConfigurations = (
				EEA039D22535E8FA009009BF /* Debug */,
				EEA039D32535E8FA009009BF /* Release */,
			);
			defaultConfigurationIsVisible = 0;
			defaultConfigurationName = Release;
		};
/* End XCConfigurationList section */
	};
	rootObject = EEA039B52535E8F9009009BF /* Project object */;
}
